
Microsoft Visual Studio Solution File, Format Version 12.00
# Visual Studio Version 16
VisualStudioVersion = 16.0.29403.142
MinimumVisualStudioVersion = 10.0.40219.1
Project("{FAE04EC0-301F-11D3-BF4B-00C04F79EFBC}") = "SLB_TADA_API", "SLB_TADA_API\SLB_TADA_API.csproj", "{31161CBA-E537-468B-98AC-B46769E06AC3}"
EndProject
Global
	GlobalSection(SolutionConfigurationPlatforms) = preSolution
		Debug|Any CPU = Debug|Any CPU
		Release|Any CPU = Release|Any CPU
	EndGlobalSection
	GlobalSection(ProjectConfigurationPlatforms) = postSolution
		{31161CBA-E537-468B-98AC-B46769E06AC3}.Debug|Any CPU.ActiveCfg = Debug|Any CPU
		{31161CBA-E537-468B-98AC-B46769E06AC3}.Debug|Any CPU.Build.0 = Debug|Any CPU
		{31161CBA-E537-468B-98AC-B46769E06AC3}.Release|Any CPU.ActiveCfg = Release|Any CPU
		{31161CBA-E537-468B-98AC-B46769E06AC3}.Release|Any CPU.Build.0 = Release|Any CPU
	EndGlobalSection
	GlobalSection(SolutionProperties) = preSolution
		HideSolutionNode = FALSE
	EndGlobalSection
	GlobalSection(ExtensibilityGlobals) = postSolution
		SolutionGuid = {08858EBA-C3A2-4C6F-A6EE-5B23982A8A71}
	EndGlobalSection
EndGlobal
